Microsoft Visual Studio Solution File, Format Version 12.00
# Visual Studio Version 16
VisualStudioVersion = 16.0.28803.202
MinimumVisualStudioVersion = 10.0.40219.1
Project("{FAE04EC0-301F-11D3-BF4B-00C04F79EFBC}") = "XGaleryPhotos.Android", "XGaleryPhotos.Android\XGaleryPhotos.Android.csproj", "{C8004E2C-5D9F-4030-A0C0-410CD06DEF66}"
EndProject
Project("{9A19103F-16F7-4668-BE54-9A1E7A4F7556}") = "XGaleryPhotos", "XGaleryPhotos\XGaleryPhotos.csproj", "{A69B2673-43EB-4BB2-8356-AC0D3AF3EFDB}"
EndProject
Project("{9A19103F-16F7-4668-BE54-9A1E7A4F7556}") = "XWebServices", "XWebServices\XWebServices.csproj", "{41D063EB-8459-4327-8081-451606C81421}"
EndProject
Project("{9A19103F-16F7-4668-BE54-9A1E7A4F7556}") = "ZTests", "ZTests\ZTests.csproj", "{F4CB002D-7A3A-4E20-BCD4-68A11148D616}"
EndProject
Global
	GlobalSection(SolutionConfigurationPlatforms) = preSolution
		Debug|Any CPU = Debug|Any CPU
		Debug|iPhone = Debug|iPhone
		Debug|iPhoneSimulator = Debug|iPhoneSimulator
		Release|Any CPU = Release|Any CPU
		Release|iPhone = Release|iPhone
		Release|iPhoneSimulator = Release|iPhoneSimulator
	EndGlobalSection
	GlobalSection(ProjectConfigurationPlatforms) = postSolution
		{C8004E2C-5D9F-4030-A0C0-410CD06DEF66}.Debug|Any CPU.ActiveCfg = Debug|Any CPU
		{C8004E2C-5D9F-4030-A0C0-410CD06DEF66}.Debug|Any CPU.Build.0 = Debug|Any CPU
		{C8004E2C-5D9F-4030-A0C0-410CD06DEF66}.Debug|Any CPU.Deploy.0 = Debug|Any CPU
		{C8004E2C-5D9F-4030-A0C0-410CD06DEF66}.Debug|iPhone.ActiveCfg = Debug|Any CPU
		{C8004E2C-5D9F-4030-A0C0-410CD06DEF66}.Debug|iPhone.Build.0 = Debug|Any CPU
		{C8004E2C-5D9F-4030-A0C0-410CD06DEF66}.Debug|iPhoneSimulator.ActiveCfg = Debug|Any CPU
		{C8004E2C-5D9F-4030-A0C0-410CD06DEF66}.Debug|iPhoneSimulator.Build.0 = Debug|Any CPU
		{C8004E2C-5D9F-4030-A0C0-410CD06DEF66}.Release|Any CPU.ActiveCfg = Release|Any CPU
		{C8004E2C-5D9F-4030-A0C0-410CD06DEF66}.Release|Any CPU.Build.0 = Release|Any CPU
		{C8004E2C-5D9F-4030-A0C0-410CD06DEF66}.Release|iPhone.ActiveCfg = Release|Any CPU
		{C8004E2C-5D9F-4030-A0C0-410CD06DEF66}.Release|iPhone.Build.0 = Release|Any CPU
		{C8004E2C-5D9F-4030-A0C0-410CD06DEF66}.Release|iPhoneSimulator.ActiveCfg = Release|Any CPU
		{C8004E2C-5D9F-4030-A0C0-410CD06DEF66}.Release|iPhoneSimulator.Build.0 = Release|Any CPU
		{A69B2673-43EB-4BB2-8356-AC0D3AF3EFDB}.Debug|Any CPU.ActiveCfg = Debug|Any CPU
		{A69B2673-43EB-4BB2-8356-AC0D3AF3EFDB}.Debug|Any CPU.Build.0 = Debug|Any CPU
		{A69B2673-43EB-4BB2-8356-AC0D3AF3EFDB}.Debug|iPhone.ActiveCfg = Debug|Any CPU
		{A69B2673-43EB-4BB2-8356-AC0D3AF3EFDB}.Debug|iPhone.Build.0 = Debug|Any CPU
		{A69B2673-43EB-4BB2-8356-AC0D3AF3EFDB}.Debug|iPhoneSimulator.ActiveCfg = Debug|Any CPU
		{A69B2673-43EB-4BB2-8356-AC0D3AF3EFDB}.Debug|iPhoneSimulator.Build.0 = Debug|Any CPU
		{A69B2673-43EB-4BB2-8356-AC0D3AF3EFDB}.Release|Any CPU.ActiveCfg = Release|Any CPU
		{A69B2673-43EB-4BB2-8356-AC0D3AF3EFDB}.Release|Any CPU.Build.0 = Release|Any CPU
		{A69B2673-43EB-4BB2-8356-AC0D3AF3EFDB}.Release|iPhone.ActiveCfg = Release|Any CPU
		{A69B2673-43EB-4BB2-8356-AC0D3AF3EFDB}.Release|iPhone.Build.0 = Release|Any CPU
		{A69B2673-43EB-4BB2-8356-AC0D3AF3EFDB}.Release|iPhoneSimulator.ActiveCfg = Release|Any CPU
		{A69B2673-43EB-4BB2-8356-AC0D3AF3EFDB}.Release|iPhoneSimulator.Build.0 = Release|Any CPU
		{41D063EB-8459-4327-8081-451606C81421}.Debug|Any CPU.ActiveCfg = Debug|Any CPU
		{41D063EB-8459-4327-8081-451606C81421}.Debug|Any CPU.Build.0 = Debug|Any CPU
		{41D063EB-8459-4327-8081-451606C81421}.Debug|iPhone.ActiveCfg = Debug|Any CPU
		{41D063EB-8459-4327-8081-451606C81421}.Debug|iPhone.Build.0 = Debug|Any CPU
		{41D063EB-8459-4327-8081-451606C81421}.Debug|iPhoneSimulator.ActiveCfg = Debug|Any CPU
		{41D063EB-8459-4327-8081-451606C81421}.Debug|iPhoneSimulator.Build.0 = Debug|Any CPU
		{41D063EB-8459-4327-8081-451606C81421}.Release|Any CPU.ActiveCfg = Release|Any CPU
		{41D063EB-8459-4327-8081-451606C81421}.Release|Any CPU.Build.0 = Release|Any CPU
		{41D063EB-8459-4327-8081-451606C81421}.Release|iPhone.ActiveCfg = Release|Any CPU
		{41D063EB-8459-4327-8081-451606C81421}.Release|iPhone.Build.0 = Release|Any CPU
		{41D063EB-8459-4327-8081-451606C81421}.Release|iPhoneSimulator.ActiveCfg = Release|Any CPU
		{41D063EB-8459-4327-8081-451606C81421}.Release|iPhoneSimulator.Build.0 = Release|Any CPU
		{F4CB002D-7A3A-4E20-BCD4-68A11148D616}.Debug|Any CPU.ActiveCfg = Debug|Any CPU
		{F4CB002D-7A3A-4E20-BCD4-68A11148D616}.Debug|Any CPU.Build.0 = Debug|Any CPU
		{F4CB002D-7A3A-4E20-BCD4-68A11148D616}.Debug|iPhone.ActiveCfg = Debug|Any CPU
		{F4CB002D-7A3A-4E20-BCD4-68A11148D616}.Debug|iPhone.Build.0 = Debug|Any CPU
		{F4CB002D-7A3A-4E20-BCD4-68A11148D616}.Debug|iPhoneSimulator.ActiveCfg = Debug|Any CPU
		{F4CB002D-7A3A-4E20-BCD4-68A11148D616}.Debug|iPhoneSimulator.Build.0 = Debug|Any CPU
		{F4CB002D-7A3A-4E20-BCD4-68A11148D616}.Release|Any CPU.ActiveCfg = Release|Any CPU
		{F4CB002D-7A3A-4E20-BCD4-68A11148D616}.Release|Any CPU.Build.0 = Release|Any CPU
		{F4CB002D-7A3A-4E20-BCD4-68A11148D616}.Release|iPhone.ActiveCfg = Release|Any CPU
		{F4CB002D-7A3A-4E20-BCD4-68A11148D616}.Release|iPhone.Build.0 = Release|Any CPU
		{F4CB002D-7A3A-4E20-BCD4-68A11148D616}.Release|iPhoneSimulator.ActiveCfg = Release|Any CPU
		{F4CB002D-7A3A-4E20-BCD4-68A11148D616}.Release|iPhoneSimulator.Build.0 = Release|Any CPU
	EndGlobalSection
	GlobalSection(SolutionProperties) = preSolution
		HideSolutionNode = FALSE
	EndGlobalSection
	GlobalSection(ExtensibilityGlobals) = postSolution
		SolutionGuid = {570D404E-1CDA-4B62-9E5F-D0FC2742BF2C}
	EndGlobalSection
EndGlobal
