
Microsoft Visual Studio Solution File, Format Version 12.00
# Visual Studio 15
Project("{FAE04EC0-301F-11D3-BF4B-00C04F79EFBC}") = "XGaleryPhotos.Android", "XGaleryPhotos.Android\XGaleryPhotos.Android.csproj", "{C8004E2C-5D9F-4030-A0C0-410CD06DEF66}"
EndProject
Project("{FAE04EC0-301F-11D3-BF4B-00C04F79EFBC}") = "XGaleryPhotos", "XGaleryPhotos\XGaleryPhotos.csproj", "{A69B2673-43EB-4BB2-8356-AC0D3AF3EFDB}"
EndProject
Project("{FAE04EC0-301F-11D3-BF4B-00C04F79EFBC}") = "LbcAuthentication", "LbcAuthentication\LbcAuthentication.csproj", "{A9B51A91-A3C4-4A21-9D13-92787C3057C3}"
EndProject
Project("{FAE04EC0-301F-11D3-BF4B-00C04F79EFBC}") = "XWebServices", "XWebServices\XWebServices.csproj", "{41D063EB-8459-4327-8081-451606C81421}"
EndProject
Global
	GlobalSection(SolutionConfigurationPlatforms) = preSolution
		Debug|Any CPU = Debug|Any CPU
		Release|Any CPU = Release|Any CPU
		Debug|iPhoneSimulator = Debug|iPhoneSimulator
		Release|iPhoneSimulator = Release|iPhoneSimulator
		Debug|iPhone = Debug|iPhone
		Release|iPhone = Release|iPhone
	EndGlobalSection
	GlobalSection(ProjectConfigurationPlatforms) = postSolution
		{C8004E2C-5D9F-4030-A0C0-410CD06DEF66}.Debug|Any CPU.ActiveCfg = Debug|Any CPU
		{C8004E2C-5D9F-4030-A0C0-410CD06DEF66}.Debug|Any CPU.Build.0 = Debug|Any CPU
		{C8004E2C-5D9F-4030-A0C0-410CD06DEF66}.Release|Any CPU.ActiveCfg = Release|Any CPU
		{C8004E2C-5D9F-4030-A0C0-410CD06DEF66}.Release|Any CPU.Build.0 = Release|Any CPU
		{C8004E2C-5D9F-4030-A0C0-410CD06DEF66}.Debug|iPhoneSimulator.ActiveCfg = Debug|Any CPU
		{C8004E2C-5D9F-4030-A0C0-410CD06DEF66}.Debug|iPhoneSimulator.Build.0 = Debug|Any CPU
		{C8004E2C-5D9F-4030-A0C0-410CD06DEF66}.Release|iPhoneSimulator.ActiveCfg = Release|Any CPU
		{C8004E2C-5D9F-4030-A0C0-410CD06DEF66}.Release|iPhoneSimulator.Build.0 = Release|Any CPU
		{C8004E2C-5D9F-4030-A0C0-410CD06DEF66}.Debug|iPhone.ActiveCfg = Debug|Any CPU
		{C8004E2C-5D9F-4030-A0C0-410CD06DEF66}.Debug|iPhone.Build.0 = Debug|Any CPU
		{C8004E2C-5D9F-4030-A0C0-410CD06DEF66}.Release|iPhone.ActiveCfg = Release|Any CPU
		{C8004E2C-5D9F-4030-A0C0-410CD06DEF66}.Release|iPhone.Build.0 = Release|Any CPU
		{A69B2673-43EB-4BB2-8356-AC0D3AF3EFDB}.Debug|Any CPU.ActiveCfg = Debug|Any CPU
		{A69B2673-43EB-4BB2-8356-AC0D3AF3EFDB}.Debug|Any CPU.Build.0 = Debug|Any CPU
		{A69B2673-43EB-4BB2-8356-AC0D3AF3EFDB}.Release|Any CPU.ActiveCfg = Release|Any CPU
		{A69B2673-43EB-4BB2-8356-AC0D3AF3EFDB}.Release|Any CPU.Build.0 = Release|Any CPU
		{A69B2673-43EB-4BB2-8356-AC0D3AF3EFDB}.Debug|iPhoneSimulator.ActiveCfg = Debug|Any CPU
		{A69B2673-43EB-4BB2-8356-AC0D3AF3EFDB}.Debug|iPhoneSimulator.Build.0 = Debug|Any CPU
		{A69B2673-43EB-4BB2-8356-AC0D3AF3EFDB}.Release|iPhoneSimulator.ActiveCfg = Release|Any CPU
		{A69B2673-43EB-4BB2-8356-AC0D3AF3EFDB}.Release|iPhoneSimulator.Build.0 = Release|Any CPU
		{A69B2673-43EB-4BB2-8356-AC0D3AF3EFDB}.Debug|iPhone.ActiveCfg = Debug|Any CPU
		{A69B2673-43EB-4BB2-8356-AC0D3AF3EFDB}.Debug|iPhone.Build.0 = Debug|Any CPU
		{A69B2673-43EB-4BB2-8356-AC0D3AF3EFDB}.Release|iPhone.ActiveCfg = Release|Any CPU
		{A69B2673-43EB-4BB2-8356-AC0D3AF3EFDB}.Release|iPhone.Build.0 = Release|Any CPU
		{A9B51A91-A3C4-4A21-9D13-92787C3057C3}.Debug|Any CPU.ActiveCfg = Debug|Any CPU
		{A9B51A91-A3C4-4A21-9D13-92787C3057C3}.Debug|Any CPU.Build.0 = Debug|Any CPU
		{A9B51A91-A3C4-4A21-9D13-92787C3057C3}.Release|Any CPU.ActiveCfg = Release|Any CPU
		{A9B51A91-A3C4-4A21-9D13-92787C3057C3}.Release|Any CPU.Build.0 = Release|Any CPU
		{A9B51A91-A3C4-4A21-9D13-92787C3057C3}.Debug|iPhoneSimulator.ActiveCfg = Debug|Any CPU
		{A9B51A91-A3C4-4A21-9D13-92787C3057C3}.Debug|iPhoneSimulator.Build.0 = Debug|Any CPU
		{A9B51A91-A3C4-4A21-9D13-92787C3057C3}.Release|iPhoneSimulator.ActiveCfg = Release|Any CPU
		{A9B51A91-A3C4-4A21-9D13-92787C3057C3}.Release|iPhoneSimulator.Build.0 = Release|Any CPU
		{A9B51A91-A3C4-4A21-9D13-92787C3057C3}.Debug|iPhone.ActiveCfg = Debug|Any CPU
		{A9B51A91-A3C4-4A21-9D13-92787C3057C3}.Debug|iPhone.Build.0 = Debug|Any CPU
		{A9B51A91-A3C4-4A21-9D13-92787C3057C3}.Release|iPhone.ActiveCfg = Release|Any CPU
		{A9B51A91-A3C4-4A21-9D13-92787C3057C3}.Release|iPhone.Build.0 = Release|Any CPU
		{41D063EB-8459-4327-8081-451606C81421}.Debug|Any CPU.ActiveCfg = Debug|Any CPU
		{41D063EB-8459-4327-8081-451606C81421}.Debug|Any CPU.Build.0 = Debug|Any CPU
		{41D063EB-8459-4327-8081-451606C81421}.Release|Any CPU.ActiveCfg = Release|Any CPU
		{41D063EB-8459-4327-8081-451606C81421}.Release|Any CPU.Build.0 = Release|Any CPU
		{41D063EB-8459-4327-8081-451606C81421}.Debug|iPhoneSimulator.ActiveCfg = Debug|Any CPU
		{41D063EB-8459-4327-8081-451606C81421}.Debug|iPhoneSimulator.Build.0 = Debug|Any CPU
		{41D063EB-8459-4327-8081-451606C81421}.Release|iPhoneSimulator.ActiveCfg = Release|Any CPU
		{41D063EB-8459-4327-8081-451606C81421}.Release|iPhoneSimulator.Build.0 = Release|Any CPU
		{41D063EB-8459-4327-8081-451606C81421}.Debug|iPhone.ActiveCfg = Debug|Any CPU
		{41D063EB-8459-4327-8081-451606C81421}.Debug|iPhone.Build.0 = Debug|Any CPU
		{41D063EB-8459-4327-8081-451606C81421}.Release|iPhone.ActiveCfg = Release|Any CPU
		{41D063EB-8459-4327-8081-451606C81421}.Release|iPhone.Build.0 = Release|Any CPU
	EndGlobalSection
EndGlobal
